
Microsoft Visual Studio Solution File, Format Version 12.00
# Visual Studio 2012
Project("{FAE04EC0-301F-11D3-BF4B-00C04F79EFBC}") = "Contact", "Contact\Contact.csproj", "{66C6CF6E-0C9B-4814-AC39-764325AFB707}"
EndProject
Global
	GlobalSection(SolutionConfigurationPlatforms) = preSolution
		Debug|Any CPU = Debug|Any CPU
		Release|Any CPU = Release|Any CPU
	EndGlobalSection
	GlobalSection(ProjectConfigurationPlatforms) = postSolution
		{66C6CF6E-0C9B-4814-AC39-764325AFB707}.Debug|Any CPU.ActiveCfg = Debug|Any CPU
		{66C6CF6E-0C9B-4814-AC39-764325AFB707}.Debug|Any CPU.Build.0 = Debug|Any CPU
		{66C6CF6E-0C9B-4814-AC39-764325AFB707}.Release|Any CPU.ActiveCfg = Release|Any CPU
		{66C6CF6E-0C9B-4814-AC39-764325AFB707}.Release|Any CPU.Build.0 = Release|Any CPU
	EndGlobalSection
EndGlobal
